
Microsoft Visual Studio Solution File, Format Version 12.00
# Visual Studio Version 17
VisualStudioVersion = 17.10.34928.147
MinimumVisualStudioVersion = 10.0.40219.1
Project("{FAE04EC0-301F-11D3-BF4B-00C04F79EFBC}") = "IoT-Zal-SD", "IoT-Zal-SD\IoT-Zal-SD.csproj", "{FC374936-E8CA-480F-8143-2FF16D401F06}"
EndProject
Project("{9A19103F-16F7-4668-BE54-9A1E7A4F7556}") = "AzureDeviceSdkDemo.Device", "AzureDeviceSdkDemo.Device\AzureDeviceSdkDemo.Device.csproj", "{18791E03-19D3-4F07-B262-6528F4B4B9E8}"
EndProject
Global
	GlobalSection(SolutionConfigurationPlatforms) = preSolution
		Debug|Any CPU = Debug|Any CPU
		Release|Any CPU = Release|Any CPU
	EndGlobalSection
	GlobalSection(ProjectConfigurationPlatforms) = postSolution
		{FC374936-E8CA-480F-8143-2FF16D401F06}.Debug|Any CPU.ActiveCfg = Debug|Any CPU
		{FC374936-E8CA-480F-8143-2FF16D401F06}.Debug|Any CPU.Build.0 = Debug|Any CPU
		{FC374936-E8CA-480F-8143-2FF16D401F06}.Release|Any CPU.ActiveCfg = Release|Any CPU
		{FC374936-E8CA-480F-8143-2FF16D401F06}.Release|Any CPU.Build.0 = Release|Any CPU
		{18791E03-19D3-4F07-B262-6528F4B4B9E8}.Debug|Any CPU.ActiveCfg = Debug|Any CPU
		{18791E03-19D3-4F07-B262-6528F4B4B9E8}.Debug|Any CPU.Build.0 = Debug|Any CPU
		{18791E03-19D3-4F07-B262-6528F4B4B9E8}.Release|Any CPU.ActiveCfg = Release|Any CPU
		{18791E03-19D3-4F07-B262-6528F4B4B9E8}.Release|Any CPU.Build.0 = Release|Any CPU
	EndGlobalSection
	GlobalSection(SolutionProperties) = preSolution
		HideSolutionNode = FALSE
	EndGlobalSection
	GlobalSection(ExtensibilityGlobals) = postSolution
		SolutionGuid = {65A93B46-B4BC-43FB-BBF7-D61DE3BFE4AF}
	EndGlobalSection
EndGlobal
